// !$*UTF8*$!
{
	archiveVersion = 1;
	classes = {
	};
	objectVersion = 46;
	objects = {

/* Begin PBXBuildFile section */
		4ECAA53D1DF0681800031C3D /* main.cpp in Sources */ = {isa = PBXBuildFile; fileRef = 4ECAA53C1DF0681800031C3D /* main.cpp */; };
		4ECAA5451DF0682800031C3D /* OpenGL.framework in Frameworks */ = {isa = PBXBuildFile; fileRef = 4ECAA5441DF0682800031C3D /* OpenGL.framework */; };
		4ECAA5471DF0682E00031C3D /* GLUT.framework in Frameworks */ = {isa = PBXBuildFile; fileRef = 4ECAA5461DF0682E00031C3D /* GLUT.framework */; };
/* End PBXBuildFile section */

/* Begin PBXCopyFilesBuildPhase section */
		4ECAA5371DF0681800031C3D /* CopyFiles */ = {
			isa = PBXCopyFilesBuildPhase;
			buildActionMask = 2147483647;
			dstPath = /usr/share/man/man1/;
			dstSubfolderSpec = 0;
			files = (
			);
			runOnlyForDeploymentPostprocessing = 1;
		};
/* End PBXCopyFilesBuildPhase section */

/* Begin PBXFileReference section */
		4ECAA5391DF0681800031C3D /* FFD_2D */ = {isa = PBXFileReference; explicitFileType = "compiled.mach-o.executable"; includeInIndex = 0; path = FFD_2D; sourceTree = BUILT_PRODUCTS_DIR; };
		4ECAA53C1DF0681800031C3D /* main.cpp */ = {isa = PBXFileReference; lastKnownFileType = sourcecode.cpp.cpp; path = main.cpp; sourceTree = "<group>"; };
		4ECAA5441DF0682800031C3D /* OpenGL.framework */ = {isa = PBXFileReference; lastKnownFileType = wrapper.framework; name = OpenGL.framework; path = System/Library/Frameworks/OpenGL.framework; sourceTree = SDKROOT; };
		4ECAA5461DF0682E00031C3D /* GLUT.framework */ = {isa = PBXFileReference; lastKnownFileType = wrapper.framework; name = GLUT.framework; path = System/Library/Frameworks/GLUT.framework; sourceTree = SDKROOT; };
/* End PBXFileReference section */

/* Begin PBXFrameworksBuildPhase section */
		4ECAA5361DF0681800031C3D /* Frameworks */ = {
			isa = PBXFrameworksBuildPhase;
			buildActionMask = 2147483647;
			files = (
				4ECAA5471DF0682E00031C3D /* GLUT.framework in Frameworks */,
				4ECAA5451DF0682800031C3D /* OpenGL.framework in Frameworks */,
			);
			runOnlyForDeploymentPostprocessing = 0;
		};
/* End PBXFrameworksBuildPhase section */

/* Begin PBXGroup section */
		4ECAA5301DF0681800031C3D = {
			isa = PBXGroup;
			children = (
				4ECAA53B1DF0681800031C3D /* FFD_2D */,
				4ECAA53A1DF0681800031C3D /* Products */,
				4ECAA5431DF0682700031C3D /* Frameworks */,
			);
			sourceTree = "<group>";
		};
		4ECAA53A1DF0681800031C3D /* Products */ = {
			isa = PBXGroup;
			children = (
				4ECAA5391DF0681800031C3D /* FFD_2D */,
			);
			name = Products;
			sourceTree = "<group>";
		};
		4ECAA53B1DF0681800031C3D /* FFD_2D */ = {
			isa = PBXGroup;
			children = (
				4ECAA53C1DF0681800031C3D /* main.cpp */,
			);
			path = FFD_2D;
			sourceTree = "<group>";
		};
		4ECAA5431DF0682700031C3D /* Frameworks */ = {
			isa = PBXGroup;
			children = (
				4ECAA5461DF0682E00031C3D /* GLUT.framework */,
				4ECAA5441DF0682800031C3D /* OpenGL.framework */,
			);
			name = Frameworks;
			sourceTree = "<group>";
		};
/* End PBXGroup section */

/* Begin PBXNativeTarget section */
		4ECAA5381DF0681800031C3D /* FFD_2D */ = {
			isa = PBXNativeTarget;
			buildConfigurationList = 4ECAA5401DF0681800031C3D /* Build configuration list for PBXNativeTarget "FFD_2D" */;
			buildPhases = (
				4ECAA5351DF0681800031C3D /* Sources */,
				4ECAA5361DF0681800031C3D /* Frameworks */,
				4ECAA5371DF0681800031C3D /* CopyFiles */,
			);
			buildRules = (
			);
			dependencies = (
			);
			name = FFD_2D;
			productName = FFD_2D;
			productReference = 4ECAA5391DF0681800031C3D /* FFD_2D */;
			productType = "com.apple.product-type.tool";
		};
/* End PBXNativeTarget section */

/* Begin PBXProject section */
		4ECAA5311DF0681800031C3D /* Project object */ = {
			isa = PBXProject;
			attributes = {
				LastUpgradeCheck = 0810;
				ORGANIZATIONNAME = PamelaPeixinho;
				TargetAttributes = {
					4ECAA5381DF0681800031C3D = {
						CreatedOnToolsVersion = 8.1;
						DevelopmentTeam = W9M8ZA7S3Y;
						ProvisioningStyle = Automatic;
					};
				};
			};
			buildConfigurationList = 4ECAA5341DF0681800031C3D /* Build configuration list for PBXProject "FFD_2D" */;
			compatibilityVersion = "Xcode 3.2";
			developmentRegion = English;
			hasScannedForEncodings = 0;
			knownRegions = (
				en,
			);
			mainGroup = 4ECAA5301DF0681800031C3D;
			productRefGroup = 4ECAA53A1DF0681800031C3D /* Products */;
			projectDirPath = "";
			projectRoot = "";
			targets = (
				4ECAA5381DF0681800031C3D /* FFD_2D */,
			);
		};
/* End PBXProject section */

/* Begin PBXSourcesBuildPhase section */
		4ECAA5351DF0681800031C3D /* Sources */ = {
			isa = PBXSourcesBuildPhase;
			buildActionMask = 2147483647;
			files = (
				4ECAA53D1DF0681800031C3D /* main.cpp in Sources */,
			);
			runOnlyForDeploymentPostprocessing = 0;
		};
/* End PBXSourcesBuildPhase section */

/* Begin XCBuildConfiguration section */
		4ECAA53E1DF0681800031C3D /* Debug */ = {
			isa = XCBuildConfiguration;
			buildSettings = {
				ALWAYS_SEARCH_USER_PATHS = NO;
				CLANG_ANALYZER_NONNULL = YES;
				CLANG_CXX_LANGUAGE_STANDARD = "gnu++0x";
				CLANG_CXX_LIBRARY = "libc++";
				CLANG_ENABLE_MODULES = YES;
				CLANG_ENABLE_OBJC_ARC = YES;
				CLANG_WARN_BOOL_CONVERSION = YES;
				CLANG_WARN_CONSTANT_CONVERSION = YES;
				CLANG_WARN_DIRECT_OBJC_ISA_USAGE = YES_ERROR;
				CLANG_WARN_DOCUMENTATION_COMMENTS = YES;
				CLANG_WARN_EMPTY_BODY = YES;
				CLANG_WARN_ENUM_CONVERSION = YES;
				CLANG_WARN_INFINITE_RECURSION = YES;
				CLANG_WARN_INT_CONVERSION = YES;
				CLANG_WARN_OBJC_ROOT_CLASS = YES_ERROR;
				CLANG_WARN_SUSPICIOUS_MOVES = YES;
				CLANG_WARN_UNREACHABLE_CODE = YES;
				CLANG_WARN__DUPLICATE_METHOD_MATCH = YES;
				CODE_SIGN_IDENTITY = "-";
				COPY_PHASE_STRIP = NO;
				DEBUG_INFORMATION_FORMAT = dwarf;
				ENABLE_STRICT_OBJC_MSGSEND = YES;
				ENABLE_TESTABILITY = YES;
				GCC_C_LANGUAGE_STANDARD = gnu99;
				GCC_DYNAMIC_NO_PIC = NO;
				GCC_NO_COMMON_BLOCKS = YES;
				GCC_OPTIMIZATION_LEVEL = 0;
				GCC_PREPROCESSOR_DEFINITIONS = (
					"DEBUG=1",
					"$(inherited)",
				);
				GCC_WARN_64_TO_32_BIT_CONVERSION = YES;
				GCC_WARN_ABOUT_RETURN_TYPE = YES_ERROR;
				GCC_WARN_UNDECLARED_SELECTOR = YES;
				GCC_WARN_UNINITIALIZED_AUTOS = YES_AGGRESSIVE;
				GCC_WARN_UNUSED_FUNCTION = YES;
				GCC_WARN_UNUSED_VARIABLE = YES;
				MACOSX_DEPLOYMENT_TARGET = 10.12;
				MTL_ENABLE_DEBUG_INFO = YES;
				ONLY_ACTIVE_ARCH = YES;
				SDKROOT = macosx;
			};
			name = Debug;
		};
		4ECAA53F1DF0681800031C3D /* Release */ = {
			isa = XCBuildConfiguration;
			buildSettings = {
				ALWAYS_SEARCH_USER_PATHS = NO;
				CLANG_ANALYZER_NONNULL = YES;
				CLANG_CXX_LANGUAGE_STANDARD = "gnu++0x";
				CLANG_CXX_LIBRARY = "libc++";
				CLANG_ENABLE_MODULES = YES;
				CLANG_ENABLE_OBJC_ARC = YES;
				CLANG_WARN_BOOL_CONVERSION = YES;
				CLANG_WARN_CONSTANT_CONVERSION = YES;
				CLANG_WARN_DIRECT_OBJC_ISA_USAGE = YES_ERROR;
				CLANG_WARN_DOCUMENTATION_COMMENTS = YES;
				CLANG_WARN_EMPTY_BODY = YES;
				CLANG_WARN_ENUM_CONVERSION = YES;
				CLANG_WARN_INFINITE_RECURSION = YES;
				CLANG_WARN_INT_CONVERSION = YES;
				CLANG_WARN_OBJC_ROOT_CLASS = YES_ERROR;
				CLANG_WARN_SUSPICIOUS_MOVES = YES;
				CLANG_WARN_UNREACHABLE_CODE = YES;
				CLANG_WARN__DUPLICATE_METHOD_MATCH = YES;
				CODE_SIGN_IDENTITY = "-";
				COPY_PHASE_STRIP = NO;
				DEBUG_INFORMATION_FORMAT = "dwarf-with-dsym";
				ENABLE_NS_ASSERTIONS = NO;
				ENABLE_STRICT_OBJC_MSGSEND = YES;
				GCC_C_LANGUAGE_STANDARD = gnu99;
				GCC_NO_COMMON_BLOCKS = YES;
				GCC_WARN_64_TO_32_BIT_CONVERSION = YES;
				GCC_WARN_ABOUT_RETURN_TYPE = YES_ERROR;
				GCC_WARN_UNDECLARED_SELECTOR = YES;
				GCC_WARN_UNINITIALIZED_AUTOS = YES_AGGRESSIVE;
				GCC_WARN_UNUSED_FUNCTION = YES;
				GCC_WARN_UNUSED_VARIABLE = YES;
				MACOSX_DEPLOYMENT_TARGET = 10.12;
				MTL_ENABLE_DEBUG_INFO = NO;
				SDKROOT = macosx;
			};
			name = Release;
		};
		4ECAA5411DF0681800031C3D /* Debug */ = {
			isa = XCBuildConfiguration;
			buildSettings = {
				DEVELOPMENT_TEAM = W9M8ZA7S3Y;
				PRODUCT_NAME = "$(TARGET_NAME)";
			};
			name = Debug;
		};
		4ECAA5421DF0681800031C3D /* Release */ = {
			isa = XCBuildConfiguration;
			buildSettings = {
				DEVELOPMENT_TEAM = W9M8ZA7S3Y;
				PRODUCT_NAME = "$(TARGET_NAME)";
			};
			name = Release;
		};
/* End XCBuildConfiguration section */

/* Begin XCConfigurationList section */
		4ECAA5341DF0681800031C3D /* Build configuration list for PBXProject "FFD_2D" */ = {
			isa = XCConfigurationList;
			buildConfigurations = (
				4ECAA53E1DF0681800031C3D /* Debug */,
				4ECAA53F1DF0681800031C3D /* Release */,
			);
			defaultConfigurationIsVisible = 0;
			defaultConfigurationName = Release;
		};
		4ECAA5401DF0681800031C3D /* Build configuration list for PBXNativeTarget "FFD_2D" */ = {
			isa = XCConfigurationList;
			buildConfigurations = (
				4ECAA5411DF0681800031C3D /* Debug */,
				4ECAA5421DF0681800031C3D /* Release */,
			);
			defaultConfigurationIsVisible = 0;
		};
/* End XCConfigurationList section */
	};
	rootObject = 4ECAA5311DF0681800031C3D /* Project object */;
}
